<?xml version="1.0" encoding="utf-8"?>
<Project ToolsVersion="4.0" xmlns="http://schemas.microsoft.com/developer/msbuild/2003">
  <ItemGroup>
    <Filter Include="Source Files">
      <UniqueIdentifier>{4FC737F1-C7A5-4376-A066-2A32D752A2FF}</UniqueIdentifier>
      <Extensions>cpp;c;cc;cxx;c++;cppm;ixx;def;odl;idl;hpj;bat;asm;asmx</Extensions>
    </Filter>
    <Filter Include="Header Files">
      <UniqueIdentifier>{93995380-89BD-4b04-88EB-625FBE52EBFB}</UniqueIdentifier>
      <Extensions>h;hh;hpp;hxx;h++;hm;inl;inc;ipp;xsd</Extensions>
    </Filter>
    <Filter Include="Resource Files">
      <UniqueIdentifier>{67DA6AB6-F800-4c08-8B7A-83BB121AAD01}</UniqueIdentifier>
      <Extensions>rc;ico;cur;bmp;dlg;rc2;rct;bin;rgs;gif;jpg;jpeg;jpe;resx;tiff;tif;png;wav;mfcribbon-ms</Extensions>
    </Filter>
  </ItemGroup>
  <ItemGroup>
    <ClInclude Include="main.h">
      <Filter>Header Files</Filter>
    </ClInclude>
    <ClInclude Include="PrivateInclude\pch.h">
      <Filter>Header Files</Filter>
    </ClInclude>
    <ClInclude Include="Include\MFCHangman\Bitmap\BitmapCreator.h">
      <Filter>Header Files</Filter>
    </ClInclude>
    <ClInclude Include="Include\MFCHangman\Bitmap\BitmapLoader.h">
      <Filter>Header Files</Filter>
    </ClInclude>
    <ClInclude Include="Include\MFCHangman\Bitmap\BitmapManager.h">
      <Filter>Header Files</Filter>
    </ClInclude>
    <ClInclude Include="Include\MFCHangman\Bitmap\BitmapSaver.h">
      <Filter>Header Files</Filter>
    </ClInclude>
    <ClInclude Include="Include\MFCHangman\Data\Difficulty.h">
      <Filter>Header Files</Filter>
    </ClInclude>
    <ClInclude Include="Include\MFCHangman\Data\GameData.h">
      <Filter>Header Files</Filter>
    </ClInclude>
    <ClInclude Include="Include\MFCHangman\Tools\FileNameGetter.h">
      <Filter>Header Files</Filter>
    </ClInclude>
    <ClInclude Include="Include\MFCHangman\Tools\GuessValidator.h">
      <Filter>Header Files</Filter>
    </ClInclude>
    <ClInclude Include="Include\MFCHangman\Tools\PathGetter.h">
      <Filter>Header Files</Filter>
    </ClInclude>
    <ClInclude Include="Include\MFCHangman\Tools\RectGetter.h">
      <Filter>Header Files</Filter>
    </ClInclude>
    <ClInclude Include="Include\MFCHangman\Tools\StringFormatter.h">
      <Filter>Header Files</Filter>
    </ClInclude>
    <ClInclude Include="Include\MFCHangman\Tools\WordHider.h">
      <Filter>Header Files</Filter>
    </ClInclude>
    <ClInclude Include="Include\MFCHangman\DifficultyDlg.h">
      <Filter>Header Files</Filter>
    </ClInclude>
    <ClInclude Include="Include\MFCHangman\Drawings.h">
      <Filter>Header Files</Filter>
    </ClInclude>
    <ClInclude Include="Include\MFCHangman\GameLogic.h">
      <Filter>Header Files</Filter>
    </ClInclude>
    <ClInclude Include="Include\MFCHangman\HangmanDlg.h">
      <Filter>Header Files</Filter>
    </ClInclude>
    <ClInclude Include="Include\MFCHangman\HangmanPainter.h">
      <Filter>Header Files</Filter>
    </ClInclude>
    <ClInclude Include="Include\MFCHangman\MFCHangman.h">
      <Filter>Header Files</Filter>
    </ClInclude>
    <ClInclude Include="Include\MFCHangman\WordBank.h">
      <Filter>Header Files</Filter>
    </ClInclude>
    <ClInclude Include="Include\framework.h">
      <Filter>Header Files</Filter>
    </ClInclude>
    <ClInclude Include="Include\targetver.h">
      <Filter>Header Files</Filter>
    </ClInclude>
    <ClInclude Include="Resource\resource.h">
      <Filter>Header Files</Filter>
    </ClInclude>
  </ItemGroup>
  <ItemGroup>
    <ClCompile Include="main.cpp">
      <Filter>Source Files</Filter>
    </ClCompile>
    <ClCompile Include="Source\pch.cpp">
      <Filter>Source Files</Filter>
    </ClCompile>
    <ClCompile Include="Source\MFCHangman\Bitmap\BitmapCreator.cpp">
      <Filter>Source Files</Filter>
    </ClCompile>
    <ClCompile Include="Source\MFCHangman\Bitmap\BitmapLoader.cpp">
      <Filter>Source Files</Filter>
    </ClCompile>
    <ClCompile Include="Source\MFCHangman\Bitmap\BitmapManager.cpp">
      <Filter>Source Files</Filter>
    </ClCompile>
    <ClCompile Include="Source\MFCHangman\Bitmap\BitmapSaver.cpp">
      <Filter>Source Files</Filter>
    </ClCompile>
    <ClCompile Include="Source\MFCHangman\Tools\FileNameGetter.cpp">
      <Filter>Source Files</Filter>
    </ClCompile>
    <ClCompile Include="Source\MFCHangman\Tools\GuessValidator.cpp">
      <Filter>Source Files</Filter>
    </ClCompile>
    <ClCompile Include="Source\MFCHangman\Tools\PathGetter.cpp">
      <Filter>Source Files</Filter>
    </ClCompile>
    <ClCompile Include="Source\MFCHangman\Tools\RectGetter.cpp">
      <Filter>Source Files</Filter>
    </ClCompile>
    <ClCompile Include="Source\MFCHangman\Tools\StringFormatter.cpp">
      <Filter>Source Files</Filter>
    </ClCompile>
    <ClCompile Include="Source\MFCHangman\Tools\WordHider.cpp">
      <Filter>Source Files</Filter>
    </ClCompile>
    <ClCompile Include="Source\MFCHangman\DifficultyDlg.cpp">
      <Filter>Source Files</Filter>
    </ClCompile>
    <ClCompile Include="Source\MFCHangman\GameLogic.cpp">
      <Filter>Source Files</Filter>
    </ClCompile>
    <ClCompile Include="Source\MFCHangman\HangmanDlg.cpp">
      <Filter>Source Files</Filter>
    </ClCompile>
    <ClCompile Include="Source\MFCHangman\HangmanPainter.cpp">
      <Filter>Source Files</Filter>
    </ClCompile>
    <ClCompile Include="Source\MFCHangman\MFCHangman.cpp">
      <Filter>Source Files</Filter>
    </ClCompile>
    <ClCompile Include="Source\MFCHangman\WordBank.cpp">
      <Filter>Source Files</Filter>
    </ClCompile>
  </ItemGroup>
  <ItemGroup>
    <ResourceCompile Include="Resource\MFCHangman.rc">
      <Filter>Resource Files</Filter>
    </ResourceCompile>
  </ItemGroup>
  <ItemGroup>
    <None Include="Resource\MFCHangman.rc2">
      <Filter>Resource Files</Filter>
    </None>
    <None Include="Resource\Version.rc2">
      <Filter>Resource Files</Filter>
    </None>
  </ItemGroup>
  <ItemGroup>
    <Image Include="Resource\MFC-Hangman.ico">
      <Filter>Resource Files</Filter>
    </Image>
  </ItemGroup>
  <ItemGroup>
    <Text Include="Resource\Words\Easy.txt" />
    <Text Include="Resource\Words\Hard.txt" />
    <Text Include="Resource\Words\Medium.txt" />
  </ItemGroup>
</Project>